
Microsoft Visual Studio Solution File, Format Version 12.00
# Visual Studio 2012
Project("{262852C6-CD72-467D-83FE-5EEB1973A190}") = "MotoAid", "MotoAid\MotoAid.jsproj", "{C15B9CC4-B1EA-4FBF-9383-149DFB40859B}"
EndProject
Global
	GlobalSection(SolutionConfigurationPlatforms) = preSolution
		Debug|Any CPU = Debug|Any CPU
		Debug|ARM = Debug|ARM
		Debug|Win32 = Debug|Win32
		Debug|x64 = Debug|x64
		Debug|x86 = Debug|x86
		Release|Any CPU = Release|Any CPU
		Release|ARM = Release|ARM
		Release|Win32 = Release|Win32
		Release|x64 = Release|x64
		Release|x86 = Release|x86
	EndGlobalSection
	GlobalSection(ProjectConfigurationPlatforms) = postSolution
		{C15B9CC4-B1EA-4FBF-9383-149DFB40859B}.Debug|Any CPU.ActiveCfg = Debug|Any CPU
		{C15B9CC4-B1EA-4FBF-9383-149DFB40859B}.Debug|Any CPU.Build.0 = Debug|Any CPU
		{C15B9CC4-B1EA-4FBF-9383-149DFB40859B}.Debug|Any CPU.Deploy.0 = Debug|Any CPU
		{C15B9CC4-B1EA-4FBF-9383-149DFB40859B}.Debug|ARM.ActiveCfg = Debug|ARM
		{C15B9CC4-B1EA-4FBF-9383-149DFB40859B}.Debug|ARM.Build.0 = Debug|ARM
		{C15B9CC4-B1EA-4FBF-9383-149DFB40859B}.Debug|ARM.Deploy.0 = Debug|ARM
		{C15B9CC4-B1EA-4FBF-9383-149DFB40859B}.Debug|Win32.ActiveCfg = Debug|x86
		{C15B9CC4-B1EA-4FBF-9383-149DFB40859B}.Debug|Win32.Build.0 = Debug|x86
		{C15B9CC4-B1EA-4FBF-9383-149DFB40859B}.Debug|Win32.Deploy.0 = Debug|x86
		{C15B9CC4-B1EA-4FBF-9383-149DFB40859B}.Debug|x64.ActiveCfg = Debug|x64
		{C15B9CC4-B1EA-4FBF-9383-149DFB40859B}.Debug|x64.Build.0 = Debug|x64
		{C15B9CC4-B1EA-4FBF-9383-149DFB40859B}.Debug|x64.Deploy.0 = Debug|x64
		{C15B9CC4-B1EA-4FBF-9383-149DFB40859B}.Debug|x86.ActiveCfg = Debug|x86
		{C15B9CC4-B1EA-4FBF-9383-149DFB40859B}.Debug|x86.Build.0 = Debug|x86
		{C15B9CC4-B1EA-4FBF-9383-149DFB40859B}.Debug|x86.Deploy.0 = Debug|x86
		{C15B9CC4-B1EA-4FBF-9383-149DFB40859B}.Release|Any CPU.ActiveCfg = Release|Any CPU
		{C15B9CC4-B1EA-4FBF-9383-149DFB40859B}.Release|Any CPU.Build.0 = Release|Any CPU
		{C15B9CC4-B1EA-4FBF-9383-149DFB40859B}.Release|Any CPU.Deploy.0 = Release|Any CPU
		{C15B9CC4-B1EA-4FBF-9383-149DFB40859B}.Release|ARM.ActiveCfg = Release|ARM
		{C15B9CC4-B1EA-4FBF-9383-149DFB40859B}.Release|ARM.Build.0 = Release|ARM
		{C15B9CC4-B1EA-4FBF-9383-149DFB40859B}.Release|ARM.Deploy.0 = Release|ARM
		{C15B9CC4-B1EA-4FBF-9383-149DFB40859B}.Release|Win32.ActiveCfg = Release|x86
		{C15B9CC4-B1EA-4FBF-9383-149DFB40859B}.Release|Win32.Build.0 = Release|x86
		{C15B9CC4-B1EA-4FBF-9383-149DFB40859B}.Release|Win32.Deploy.0 = Release|x86
		{C15B9CC4-B1EA-4FBF-9383-149DFB40859B}.Release|x64.ActiveCfg = Release|x64
		{C15B9CC4-B1EA-4FBF-9383-149DFB40859B}.Release|x64.Build.0 = Release|x64
		{C15B9CC4-B1EA-4FBF-9383-149DFB40859B}.Release|x64.Deploy.0 = Release|x64
		{C15B9CC4-B1EA-4FBF-9383-149DFB40859B}.Release|x86.ActiveCfg = Release|x86
		{C15B9CC4-B1EA-4FBF-9383-149DFB40859B}.Release|x86.Build.0 = Release|x86
		{C15B9CC4-B1EA-4FBF-9383-149DFB40859B}.Release|x86.Deploy.0 = Release|x86
	EndGlobalSection
	GlobalSection(SolutionProperties) = preSolution
		HideSolutionNode = FALSE
	EndGlobalSection
	GlobalSection(Performance) = preSolution
		HasPerformanceSessions = true
	EndGlobalSection
EndGlobal
